
Microsoft Visual Studio Solution File, Format Version 12.00
# Visual Studio Version 17
VisualStudioVersion = 17.7.34202.233
MinimumVisualStudioVersion = 10.0.40219.1
Project("{FAE04EC0-301F-11D3-BF4B-00C04F79EFBC}") = "juan", "juan\juan.csproj", "{E2E7BE4A-42B8-4FA9-B3DA-D802D25363FF}"
EndProject
Global
	GlobalSection(SolutionConfigurationPlatforms) = preSolution
		Debug|Any CPU = Debug|Any CPU
		Release|Any CPU = Release|Any CPU
	EndGlobalSection
	GlobalSection(ProjectConfigurationPlatforms) = postSolution
		{E2E7BE4A-42B8-4FA9-B3DA-D802D25363FF}.Debug|Any CPU.ActiveCfg = Debug|Any CPU
		{E2E7BE4A-42B8-4FA9-B3DA-D802D25363FF}.Debug|Any CPU.Build.0 = Debug|Any CPU
		{E2E7BE4A-42B8-4FA9-B3DA-D802D25363FF}.Release|Any CPU.ActiveCfg = Release|Any CPU
		{E2E7BE4A-42B8-4FA9-B3DA-D802D25363FF}.Release|Any CPU.Build.0 = Release|Any CPU
	EndGlobalSection
	GlobalSection(SolutionProperties) = preSolution
		HideSolutionNode = FALSE
	EndGlobalSection
	GlobalSection(ExtensibilityGlobals) = postSolution
		SolutionGuid = {6D923004-9323-4B5A-BFCE-50A60989F120}
	EndGlobalSection
EndGlobal
